# This file is automatically @generated by Cargo.
# It is not intended for manual editing.
version = 3

[[package]]
name = "adder"
version = "0.1.0"

[[package]]
name = "c12"
version = "0.1.0"

[[package]]
name = "c13-1"
version = "0.1.0"

[[package]]
name = "c13-5"
version = "0.1.0"

[[package]]
name = "c13-8"
version = "0.1.0"

[[package]]
name = "c15"
version = "0.1.0"

[[package]]
name = "c18-11"
version = "0.1.0"

[[package]]
name = "hello_the_book"
version = "0.1.0"
