{
    "_meta": {
        "hash": {
            "sha256": "14c39348d4f191999f8dc99836987134f2c8a5f5cf7c57ac9a2b5a165667f127"
        },
        "pipfile-spec": 6,
        "requires": {
            "python_version": "3.11"
        },
        "sources": [
            {
                "name": "pypi",
                "url": "https://pypi.org/simple",
                "verify_ssl": true
            }
        ]
    },
    "default": {
        "av": {
            "hashes": [
                "sha256:013b3ac3de3aa1c137af0cedafd364fd1c7524ab3e1cd53e04564fd1632ac04d",
                "sha256:0183be6889e835e1b074b4037bfce4fd44671c606cf1c4ab92ea2f271b544aec",
                "sha256:02d60f48be9f15dcda37d50f3ce8d7249d9a455643d4322dd3449986bacfc628",
                "sha256:037f793dd1ef4a1f57f090191a7f803ad10ec82da0d04ea26bbe0b8a145fe927",
                "sha256:08fc5eaef60a257d622998626e233bf3ff90d2f817f6695d6a27e0ffcfe9dcff",
                "sha256:0ec915e8f6521545a38566eefc281042ee504ea3cee0618d8558e4920588b3b2",
                "sha256:0fa55923527648f51ac005e44fe2797ebc67f53ad4850e0194d3753761ee33a2",
                "sha256:17964b36e08435910aabd5b3f7dca12f99536902529767d276026bc08f94ced7",
                "sha256:1892cc91c888d101777d5432d54e0554c11d1c3a2c65d02a2cae0a2256a8fbb9",
                "sha256:309b32bc97158d0f0c19e273b8e17a855a86806b7194aebc23bd497326cff11f",
                "sha256:3306e4a3ce8b5bfcc3075793d4ed3a2df69179d8fba22cb944a6164dc235dfb6",
                "sha256:33ad5c0a23c45b72bd6bd47f3b2c1adcd2935ee3d0b6178ed66bba62b964ff31",
                "sha256:35d514f4dee0cf67e9e6b2a65fb4a28f98da88e71e8c7f7960bd04625d9fe965",
                "sha256:39f0b4cfb89f4f06b339c766f92648e798a96747d4163f2fa78660d1ab1f1b5e",
                "sha256:41dcb8c269fa58a56edf3a3c814c32a0c69586827f132b4e395a951b0ce14fad",
                "sha256:4819e3ef6c3a44ef6f75907229133a1ee7f688245b2cf49b6b8e969a81ca72c9",
                "sha256:4fa78fbe0e4469226512380180063116105048c66cb12e18ab4b518466c57e6c",
                "sha256:57337f20b208292ec8d3b11e4d289d8688a43d728174850a81b865d3253fff2c",
                "sha256:5d2619e4c26d661eecfc404f7d739d8b35f0dcef353fabe61512e030254b7031",
                "sha256:5d7f229a253c2e3fea9682c09c5ae179bd6d5d2da38d89eb7f29ef7bed10cb2f",
                "sha256:607e13b2c2b26159a37525d7b6f647a32ce78711fccff23d146d3e255ffa115f",
                "sha256:60a869be1d6af916e65ea461cb93922f5db0698655ed7a7eae7c3ecd4af4debb",
                "sha256:61b3555d143aacf02e0446f6030319403538eba4dc713c18dfa653a2a23e7f9c",
                "sha256:6aec88e41a498b1e01e2dce5371557e20f9a51aae0c16decc5924ec0be2e22b6",
                "sha256:746ab0eff8a7a21a6c6d16e6b6e61709527eba2ad1a524d92a01bb60d02a3df7",
                "sha256:7a6d4f1e261df48932128e6495772faa4cc23f5dd1512eec73daab82ad9f3240",
                "sha256:81cedd1c072fbebf606724c406b1a1b00adc711f1dfd2bc04c633ce39d8439d8",
                "sha256:90eb8f2d548e96cbc6f78e89c911cdb15a3d80fd944f31111660ce45939cd037",
                "sha256:99cd2fc53091ebfb9a2fa9dd3580267f5bd1c040d0efd99fbc1a162576b271cb",
                "sha256:a2f47149d3ca6deb79f3e515b8bef50e27ebdb160813e6d67dba77278d2a7883",
                "sha256:abf0c4bc40a0af8a30f4cd96f3be6f19fbce0f21222d7fcec148e085127153f7",
                "sha256:b9d0890553951f76c479a9f2bb952aebae902b1c7d52feea614d37e1cd728a44",
                "sha256:bb16bb314cf1503b0250fc46b2c455ee196584231101be0123f4f78638227b62",
                "sha256:bcf21ebb722d4538b4099e5a78f730d78814dd70003511c185941dba5651b14d",
                "sha256:bfc3a652b12c93120514d56cf025da47442c5ba51530cdf7ba3660257dbb0de1",
                "sha256:c409c71bd9c7c2f8d018c822f36b1447cfa96eca158381a96f3319bb0ff6e79e",
                "sha256:d2d5f78de29edee06ddcdd4c2b759914575492d6a0cd4de2ce31ee63a4953eff",
                "sha256:d7f3a02910e77d750dbd516256a16db15030e5371530ff5a5ae902dc03d9005d",
                "sha256:dc1b742e7f6df1b499fb960bd6697d1dd8e7ada7484a041a8c20e70a87225f53",
                "sha256:df61811cc551c186f0a0e530d97b8b139453534d0f92c1790a923f666522ceda",
                "sha256:e08175ffbafa3a70c7b2f81083e160e34122a208cdf70f150b8f5d02c2de6965",
                "sha256:e1d255be317b7c1ebdc4dae98935b9f3869161112dc829c625e54f90d8bdd7ab",
                "sha256:e2477cc51526aa50575313d66e5e8ad7ab944588469be5e557b360ed572ae536",
                "sha256:f3e6a62bda9a1e144feeb59bbee046d7a2d98399634a30f57e4990197313c158",
                "sha256:fc532376aa264722fae55063abd1871d17a563dc895978e142c8ecfcdeb3a2e8"
            ],
            "index": "pypi",
            "markers": "python_version >= '3.8'",
            "version": "==12.0.0"
        }
    },
    "develop": {}
}
